// !$*UTF8*$!
{
	archiveVersion = 1;
	classes = {
	};
	objectVersion = 50;
	objects = {

/* Begin PBXBuildFile section */
		A6930F062460A6DC00532A4E /* AppDelegate.m in Sources */ = {isa = PBXBuildFile; fileRef = A6930F052460A6DC00532A4E /* AppDelegate.m */; };
		A6930F092460A6DC00532A4E /* SceneDelegate.m in Sources */ = {isa = PBXBuildFile; fileRef = A6930F082460A6DC00532A4E /* SceneDelegate.m */; };
		A6930F0F2460A6DC00532A4E /* Main.storyboard in Resources */ = {isa = PBXBuildFile; fileRef = A6930F0D2460A6DC00532A4E /* Main.storyboard */; };
		A6930F112460A6E000532A4E /* Assets.xcassets in Resources */ = {isa = PBXBuildFile; fileRef = A6930F102460A6E000532A4E /* Assets.xcassets */; };
		A6930F142460A6E000532A4E /* LaunchScreen.storyboard in Resources */ = {isa = PBXBuildFile; fileRef = A6930F122460A6E000532A4E /* LaunchScreen.storyboard */; };
		A6930F172460A6E000532A4E /* main.m in Sources */ = {isa = PBXBuildFile; fileRef = A6930F162460A6E000532A4E /* main.m */; };
		A6930F262460A78C00532A4E /* Entry.m in Sources */ = {isa = PBXBuildFile; fileRef = A6930F252460A78C00532A4E /* Entry.m */; };
		A6930F2A2460A9EE00532A4E /* EntryHelper.m in Sources */ = {isa = PBXBuildFile; fileRef = A6930F292460A9EE00532A4E /* EntryHelper.m */; };
		A6930F2D2460AC2600532A4E /* EntryController.m in Sources */ = {isa = PBXBuildFile; fileRef = A6930F2C2460AC2600532A4E /* EntryController.m */; };
		A6930F332460D9F300532A4E /* EntryTableViewController.m in Sources */ = {isa = PBXBuildFile; fileRef = A6930F322460D9F300532A4E /* EntryTableViewController.m */; };
		A6930F392460DF2500532A4E /* EntryViewController.m in Sources */ = {isa = PBXBuildFile; fileRef = A6930F382460DF2500532A4E /* EntryViewController.m */; };
/* End PBXBuildFile section */

/* Begin PBXFileReference section */
		A6930F012460A6DC00532A4E /* Journal-C.app */ = {isa = PBXFileReference; explicitFileType = wrapper.application; includeInIndex = 0; path = "Journal-C.app"; sourceTree = BUILT_PRODUCTS_DIR; };
		A6930F042460A6DC00532A4E /* AppDelegate.h */ = {isa = PBXFileReference; lastKnownFileType = sourcecode.c.h; path = AppDelegate.h; sourceTree = "<group>"; };
		A6930F052460A6DC00532A4E /* AppDelegate.m */ = {isa = PBXFileReference; lastKnownFileType = sourcecode.c.objc; path = AppDelegate.m; sourceTree = "<group>"; };
		A6930F072460A6DC00532A4E /* SceneDelegate.h */ = {isa = PBXFileReference; lastKnownFileType = sourcecode.c.h; path = SceneDelegate.h; sourceTree = "<group>"; };
		A6930F082460A6DC00532A4E /* SceneDelegate.m */ = {isa = PBXFileReference; lastKnownFileType = sourcecode.c.objc; path = SceneDelegate.m; sourceTree = "<group>"; };
		A6930F0E2460A6DC00532A4E /* Base */ = {isa = PBXFileReference; lastKnownFileType = file.storyboard; name = Base; path = Base.lproj/Main.storyboard; sourceTree = "<group>"; };
		A6930F102460A6E000532A4E /* Assets.xcassets */ = {isa = PBXFileReference; lastKnownFileType = folder.assetcatalog; path = Assets.xcassets; sourceTree = "<group>"; };
		A6930F132460A6E000532A4E /* Base */ = {isa = PBXFileReference; lastKnownFileType = file.storyboard; name = Base; path = Base.lproj/LaunchScreen.storyboard; sourceTree = "<group>"; };
		A6930F152460A6E000532A4E /* Info.plist */ = {isa = PBXFileReference; lastKnownFileType = text.plist.xml; path = Info.plist; sourceTree = "<group>"; };
		A6930F162460A6E000532A4E /* main.m */ = {isa = PBXFileReference; lastKnownFileType = sourcecode.c.objc; path = main.m; sourceTree = "<group>"; };
		A6930F242460A78C00532A4E /* Entry.h */ = {isa = PBXFileReference; lastKnownFileType = sourcecode.c.h; path = Entry.h; sourceTree = "<group>"; };
		A6930F252460A78C00532A4E /* Entry.m */ = {isa = PBXFileReference; lastKnownFileType = sourcecode.c.objc; path = Entry.m; sourceTree = "<group>"; };
		A6930F282460A9EE00532A4E /* EntryHelper.h */ = {isa = PBXFileReference; lastKnownFileType = sourcecode.c.h; path = EntryHelper.h; sourceTree = "<group>"; };
		A6930F292460A9EE00532A4E /* EntryHelper.m */ = {isa = PBXFileReference; lastKnownFileType = sourcecode.c.objc; path = EntryHelper.m; sourceTree = "<group>"; };
		A6930F2B2460AC2600532A4E /* EntryController.h */ = {isa = PBXFileReference; lastKnownFileType = sourcecode.c.h; path = EntryController.h; sourceTree = "<group>"; };
		A6930F2C2460AC2600532A4E /* EntryController.m */ = {isa = PBXFileReference; lastKnownFileType = sourcecode.c.objc; path = EntryController.m; sourceTree = "<group>"; };
		A6930F312460D9F300532A4E /* EntryTableViewController.h */ = {isa = PBXFileReference; lastKnownFileType = sourcecode.c.h; path = EntryTableViewController.h; sourceTree = "<group>"; };
		A6930F322460D9F300532A4E /* EntryTableViewController.m */ = {isa = PBXFileReference; lastKnownFileType = sourcecode.c.objc; path = EntryTableViewController.m; sourceTree = "<group>"; };
		A6930F372460DF2500532A4E /* EntryViewController.h */ = {isa = PBXFileReference; lastKnownFileType = sourcecode.c.h; path = EntryViewController.h; sourceTree = "<group>"; };
		A6930F382460DF2500532A4E /* EntryViewController.m */ = {isa = PBXFileReference; lastKnownFileType = sourcecode.c.objc; path = EntryViewController.m; sourceTree = "<group>"; };
/* End PBXFileReference section */

/* Begin PBXFrameworksBuildPhase section */
		A6930EFE2460A6DC00532A4E /* Frameworks */ = {
			isa = PBXFrameworksBuildPhase;
			buildActionMask = 2147483647;
			files = (
			);
			runOnlyForDeploymentPostprocessing = 0;
		};
/* End PBXFrameworksBuildPhase section */

/* Begin PBXGroup section */
		A6930EF82460A6DC00532A4E = {
			isa = PBXGroup;
			children = (
				A6930F032460A6DC00532A4E /* Journal-C */,
				A6930F022460A6DC00532A4E /* Products */,
			);
			sourceTree = "<group>";
		};
		A6930F022460A6DC00532A4E /* Products */ = {
			isa = PBXGroup;
			children = (
				A6930F012460A6DC00532A4E /* Journal-C.app */,
			);
			name = Products;
			sourceTree = "<group>";
		};
		A6930F032460A6DC00532A4E /* Journal-C */ = {
			isa = PBXGroup;
			children = (
				A6930F272460A9D200532A4E /* Helpers */,
				A6930F202460A73F00532A4E /* Models */,
				A6930F1F2460A73A00532A4E /* Views */,
				A6930F1E2460A73400532A4E /* Controllers */,
				A6930F1D2460A70600532A4E /* Resources */,
			);
			path = "Journal-C";
			sourceTree = "<group>";
		};
		A6930F1D2460A70600532A4E /* Resources */ = {
			isa = PBXGroup;
			children = (
				A6930F042460A6DC00532A4E /* AppDelegate.h */,
				A6930F052460A6DC00532A4E /* AppDelegate.m */,
				A6930F072460A6DC00532A4E /* SceneDelegate.h */,
				A6930F082460A6DC00532A4E /* SceneDelegate.m */,
				A6930F102460A6E000532A4E /* Assets.xcassets */,
				A6930F122460A6E000532A4E /* LaunchScreen.storyboard */,
				A6930F152460A6E000532A4E /* Info.plist */,
				A6930F162460A6E000532A4E /* main.m */,
			);
			path = Resources;
			sourceTree = "<group>";
		};
		A6930F1E2460A73400532A4E /* Controllers */ = {
			isa = PBXGroup;
			children = (
				A6930F222460A75200532A4E /* ModelControllers */,
				A6930F212460A74600532A4E /* ViewControllers */,
			);
			path = Controllers;
			sourceTree = "<group>";
		};
		A6930F1F2460A73A00532A4E /* Views */ = {
			isa = PBXGroup;
			children = (
				A6930F0D2460A6DC00532A4E /* Main.storyboard */,
			);
			path = Views;
			sourceTree = "<group>";
		};
		A6930F202460A73F00532A4E /* Models */ = {
			isa = PBXGroup;
			children = (
				A6930F242460A78C00532A4E /* Entry.h */,
				A6930F252460A78C00532A4E /* Entry.m */,
			);
			path = Models;
			sourceTree = "<group>";
		};
		A6930F212460A74600532A4E /* ViewControllers */ = {
			isa = PBXGroup;
			children = (
				A6930F312460D9F300532A4E /* EntryTableViewController.h */,
				A6930F322460D9F300532A4E /* EntryTableViewController.m */,
				A6930F372460DF2500532A4E /* EntryViewController.h */,
				A6930F382460DF2500532A4E /* EntryViewController.m */,
			);
			path = ViewControllers;
			sourceTree = "<group>";
		};
		A6930F222460A75200532A4E /* ModelControllers */ = {
			isa = PBXGroup;
			children = (
				A6930F2B2460AC2600532A4E /* EntryController.h */,
				A6930F2C2460AC2600532A4E /* EntryController.m */,
			);
			path = ModelControllers;
			sourceTree = "<group>";
		};
		A6930F272460A9D200532A4E /* Helpers */ = {
			isa = PBXGroup;
			children = (
				A6930F282460A9EE00532A4E /* EntryHelper.h */,
				A6930F292460A9EE00532A4E /* EntryHelper.m */,
			);
			path = Helpers;
			sourceTree = "<group>";
		};
/* End PBXGroup section */

/* Begin PBXNativeTarget section */
		A6930F002460A6DC00532A4E /* Journal-C */ = {
			isa = PBXNativeTarget;
			buildConfigurationList = A6930F1A2460A6E000532A4E /* Build configuration list for PBXNativeTarget "Journal-C" */;
			buildPhases = (
				A6930EFD2460A6DC00532A4E /* Sources */,
				A6930EFE2460A6DC00532A4E /* Frameworks */,
				A6930EFF2460A6DC00532A4E /* Resources */,
			);
			buildRules = (
			);
			dependencies = (
			);
			name = "Journal-C";
			productName = "Journal-C";
			productReference = A6930F012460A6DC00532A4E /* Journal-C.app */;
			productType = "com.apple.product-type.application";
		};
/* End PBXNativeTarget section */

/* Begin PBXProject section */
		A6930EF92460A6DC00532A4E /* Project object */ = {
			isa = PBXProject;
			attributes = {
				LastUpgradeCheck = 1140;
				ORGANIZATIONNAME = "Max Susman";
				TargetAttributes = {
					A6930F002460A6DC00532A4E = {
						CreatedOnToolsVersion = 11.4;
					};
				};
			};
			buildConfigurationList = A6930EFC2460A6DC00532A4E /* Build configuration list for PBXProject "Journal-C" */;
			compatibilityVersion = "Xcode 9.3";
			developmentRegion = en;
			hasScannedForEncodings = 0;
			knownRegions = (
				en,
				Base,
			);
			mainGroup = A6930EF82460A6DC00532A4E;
			productRefGroup = A6930F022460A6DC00532A4E /* Products */;
			projectDirPath = "";
			projectRoot = "";
			targets = (
				A6930F002460A6DC00532A4E /* Journal-C */,
			);
		};
/* End PBXProject section */

/* Begin PBXResourcesBuildPhase section */
		A6930EFF2460A6DC00532A4E /* Resources */ = {
			isa = PBXResourcesBuildPhase;
			buildActionMask = 2147483647;
			files = (
				A6930F142460A6E000532A4E /* LaunchScreen.storyboard in Resources */,
				A6930F112460A6E000532A4E /* Assets.xcassets in Resources */,
				A6930F0F2460A6DC00532A4E /* Main.storyboard in Resources */,
			);
			runOnlyForDeploymentPostprocessing = 0;
		};
/* End PBXResourcesBuildPhase section */

/* Begin PBXSourcesBuildPhase section */
		A6930EFD2460A6DC00532A4E /* Sources */ = {
			isa = PBXSourcesBuildPhase;
			buildActionMask = 2147483647;
			files = (
				A6930F332460D9F300532A4E /* EntryTableViewController.m in Sources */,
				A6930F262460A78C00532A4E /* Entry.m in Sources */,
				A6930F062460A6DC00532A4E /* AppDelegate.m in Sources */,
				A6930F2D2460AC2600532A4E /* EntryController.m in Sources */,
				A6930F392460DF2500532A4E /* EntryViewController.m in Sources */,
				A6930F172460A6E000532A4E /* main.m in Sources */,
				A6930F092460A6DC00532A4E /* SceneDelegate.m in Sources */,
				A6930F2A2460A9EE00532A4E /* EntryHelper.m in Sources */,
			);
			runOnlyForDeploymentPostprocessing = 0;
		};
/* End PBXSourcesBuildPhase section */

/* Begin PBXVariantGroup section */
		A6930F0D2460A6DC00532A4E /* Main.storyboard */ = {
			isa = PBXVariantGroup;
			children = (
				A6930F0E2460A6DC00532A4E /* Base */,
			);
			name = Main.storyboard;
			sourceTree = "<group>";
		};
		A6930F122460A6E000532A4E /* LaunchScreen.storyboard */ = {
			isa = PBXVariantGroup;
			children = (
				A6930F132460A6E000532A4E /* Base */,
			);
			name = LaunchScreen.storyboard;
			sourceTree = "<group>";
		};
/* End PBXVariantGroup section */

/* Begin XCBuildConfiguration section */
		A6930F182460A6E000532A4E /* Debug */ = {
			isa = XCBuildConfiguration;
			buildSettings = {
				ALWAYS_SEARCH_USER_PATHS = NO;
				CLANG_ANALYZER_NONNULL = YES;
				CLANG_ANALYZER_NUMBER_OBJECT_CONVERSION = YES_AGGRESSIVE;
				CLANG_CXX_LANGUAGE_STANDARD = "gnu++14";
				CLANG_CXX_LIBRARY = "libc++";
				CLANG_ENABLE_MODULES = YES;
				CLANG_ENABLE_OBJC_ARC = YES;
				CLANG_ENABLE_OBJC_WEAK = YES;
				CLANG_WARN_BLOCK_CAPTURE_AUTORELEASING = YES;
				CLANG_WARN_BOOL_CONVERSION = YES;
				CLANG_WARN_COMMA = YES;
				CLANG_WARN_CONSTANT_CONVERSION = YES;
				CLANG_WARN_DEPRECATED_OBJC_IMPLEMENTATIONS = YES;
				CLANG_WARN_DIRECT_OBJC_ISA_USAGE = YES_ERROR;
				CLANG_WARN_DOCUMENTATION_COMMENTS = YES;
				CLANG_WARN_EMPTY_BODY = YES;
				CLANG_WARN_ENUM_CONVERSION = YES;
				CLANG_WARN_INFINITE_RECURSION = YES;
				CLANG_WARN_INT_CONVERSION = YES;
				CLANG_WARN_NON_LITERAL_NULL_CONVERSION = YES;
				CLANG_WARN_OBJC_IMPLICIT_RETAIN_SELF = YES;
				CLANG_WARN_OBJC_LITERAL_CONVERSION = YES;
				CLANG_WARN_OBJC_ROOT_CLASS = YES_ERROR;
				CLANG_WARN_RANGE_LOOP_ANALYSIS = YES;
				CLANG_WARN_STRICT_PROTOTYPES = YES;
				CLANG_WARN_SUSPICIOUS_MOVE = YES;
				CLANG_WARN_UNGUARDED_AVAILABILITY = YES_AGGRESSIVE;
				CLANG_WARN_UNREACHABLE_CODE = YES;
				CLANG_WARN__DUPLICATE_METHOD_MATCH = YES;
				COPY_PHASE_STRIP = NO;
				DEBUG_INFORMATION_FORMAT = dwarf;
				ENABLE_STRICT_OBJC_MSGSEND = YES;
				ENABLE_TESTABILITY = YES;
				GCC_C_LANGUAGE_STANDARD = gnu11;
				GCC_DYNAMIC_NO_PIC = NO;
				GCC_NO_COMMON_BLOCKS = YES;
				GCC_OPTIMIZATION_LEVEL = 0;
				GCC_PREPROCESSOR_DEFINITIONS = (
					"DEBUG=1",
					"$(inherited)",
				);
				GCC_WARN_64_TO_32_BIT_CONVERSION = YES;
				GCC_WARN_ABOUT_RETURN_TYPE = YES_ERROR;
				GCC_WARN_UNDECLARED_SELECTOR = YES;
				GCC_WARN_UNINITIALIZED_AUTOS = YES_AGGRESSIVE;
				GCC_WARN_UNUSED_FUNCTION = YES;
				GCC_WARN_UNUSED_VARIABLE = YES;
				IPHONEOS_DEPLOYMENT_TARGET = 13.4;
				MTL_ENABLE_DEBUG_INFO = INCLUDE_SOURCE;
				MTL_FAST_MATH = YES;
				ONLY_ACTIVE_ARCH = YES;
				SDKROOT = iphoneos;
			};
			name = Debug;
		};
		A6930F192460A6E000532A4E /* Release */ = {
			isa = XCBuildConfiguration;
			buildSettings = {
				ALWAYS_SEARCH_USER_PATHS = NO;
				CLANG_ANALYZER_NONNULL = YES;
				CLANG_ANALYZER_NUMBER_OBJECT_CONVERSION = YES_AGGRESSIVE;
				CLANG_CXX_LANGUAGE_STANDARD = "gnu++14";
				CLANG_CXX_LIBRARY = "libc++";
				CLANG_ENABLE_MODULES = YES;
				CLANG_ENABLE_OBJC_ARC = YES;
				CLANG_ENABLE_OBJC_WEAK = YES;
				CLANG_WARN_BLOCK_CAPTURE_AUTORELEASING = YES;
				CLANG_WARN_BOOL_CONVERSION = YES;
				CLANG_WARN_COMMA = YES;
				CLANG_WARN_CONSTANT_CONVERSION = YES;
				CLANG_WARN_DEPRECATED_OBJC_IMPLEMENTATIONS = YES;
				CLANG_WARN_DIRECT_OBJC_ISA_USAGE = YES_ERROR;
				CLANG_WARN_DOCUMENTATION_COMMENTS = YES;
				CLANG_WARN_EMPTY_BODY = YES;
				CLANG_WARN_ENUM_CONVERSION = YES;
				CLANG_WARN_INFINITE_RECURSION = YES;
				CLANG_WARN_INT_CONVERSION = YES;
				CLANG_WARN_NON_LITERAL_NULL_CONVERSION = YES;
				CLANG_WARN_OBJC_IMPLICIT_RETAIN_SELF = YES;
				CLANG_WARN_OBJC_LITERAL_CONVERSION = YES;
				CLANG_WARN_OBJC_ROOT_CLASS = YES_ERROR;
				CLANG_WARN_RANGE_LOOP_ANALYSIS = YES;
				CLANG_WARN_STRICT_PROTOTYPES = YES;
				CLANG_WARN_SUSPICIOUS_MOVE = YES;
				CLANG_WARN_UNGUARDED_AVAILABILITY = YES_AGGRESSIVE;
				CLANG_WARN_UNREACHABLE_CODE = YES;
				CLANG_WARN__DUPLICATE_METHOD_MATCH = YES;
				COPY_PHASE_STRIP = NO;
				DEBUG_INFORMATION_FORMAT = "dwarf-with-dsym";
				ENABLE_NS_ASSERTIONS = NO;
				ENABLE_STRICT_OBJC_MSGSEND = YES;
				GCC_C_LANGUAGE_STANDARD = gnu11;
				GCC_NO_COMMON_BLOCKS = YES;
				GCC_WARN_64_TO_32_BIT_CONVERSION = YES;
				GCC_WARN_ABOUT_RETURN_TYPE = YES_ERROR;
				GCC_WARN_UNDECLARED_SELECTOR = YES;
				GCC_WARN_UNINITIALIZED_AUTOS = YES_AGGRESSIVE;
				GCC_WARN_UNUSED_FUNCTION = YES;
				GCC_WARN_UNUSED_VARIABLE = YES;
				IPHONEOS_DEPLOYMENT_TARGET = 13.4;
				MTL_ENABLE_DEBUG_INFO = NO;
				MTL_FAST_MATH = YES;
				SDKROOT = iphoneos;
				VALIDATE_PRODUCT = YES;
			};
			name = Release;
		};
		A6930F1B2460A6E000532A4E /* Debug */ = {
			isa = XCBuildConfiguration;
			buildSettings = {
				ASSETCATALOG_COMPILER_APPICON_NAME = AppIcon;
				CODE_SIGN_STYLE = Automatic;
				INFOPLIST_FILE = "Journal-C/Resources/Info.plist";
				LD_RUNPATH_SEARCH_PATHS = (
					"$(inherited)",
					"@executable_path/Frameworks",
				);
				PRODUCT_BUNDLE_IDENTIFIER = "com.MGS.Journal-C";
				PRODUCT_NAME = "$(TARGET_NAME)";
				TARGETED_DEVICE_FAMILY = "1,2";
			};
			name = Debug;
		};
		A6930F1C2460A6E000532A4E /* Release */ = {
			isa = XCBuildConfiguration;
			buildSettings = {
				ASSETCATALOG_COMPILER_APPICON_NAME = AppIcon;
				CODE_SIGN_STYLE = Automatic;
				INFOPLIST_FILE = "Journal-C/Resources/Info.plist";
				LD_RUNPATH_SEARCH_PATHS = (
					"$(inherited)",
					"@executable_path/Frameworks",
				);
				PRODUCT_BUNDLE_IDENTIFIER = "com.MGS.Journal-C";
				PRODUCT_NAME = "$(TARGET_NAME)";
				TARGETED_DEVICE_FAMILY = "1,2";
			};
			name = Release;
		};
/* End XCBuildConfiguration section */

/* Begin XCConfigurationList section */
		A6930EFC2460A6DC00532A4E /* Build configuration list for PBXProject "Journal-C" */ = {
			isa = XCConfigurationList;
			buildConfigurations = (
				A6930F182460A6E000532A4E /* Debug */,
				A6930F192460A6E000532A4E /* Release */,
			);
			defaultConfigurationIsVisible = 0;
			defaultConfigurationName = Release;
		};
		A6930F1A2460A6E000532A4E /* Build configuration list for PBXNativeTarget "Journal-C" */ = {
			isa = XCConfigurationList;
			buildConfigurations = (
				A6930F1B2460A6E000532A4E /* Debug */,
				A6930F1C2460A6E000532A4E /* Release */,
			);
			defaultConfigurationIsVisible = 0;
			defaultConfigurationName = Release;
		};
/* End XCConfigurationList section */
	};
	rootObject = A6930EF92460A6DC00532A4E /* Project object */;
}
